
Microsoft Visual Studio Solution File, Format Version 12.00
# Visual Studio Version 17
VisualStudioVersion = 17.8.34309.116
MinimumVisualStudioVersion = 10.0.40219.1
Project("{FAE04EC0-301F-11D3-BF4B-00C04F79EFBC}") = "ReverseEngineerBefore", "ReverseEngineerBefore.csproj", "{B0F370CB-01A2-4134-A57A-8353F9141ACD}"
EndProject
Global
	GlobalSection(SolutionConfigurationPlatforms) = preSolution
		Debug|Any CPU = Debug|Any CPU
		Release|Any CPU = Release|Any CPU
	EndGlobalSection
	GlobalSection(ProjectConfigurationPlatforms) = postSolution
		{B0F370CB-01A2-4134-A57A-8353F9141ACD}.Debug|Any CPU.ActiveCfg = Debug|Any CPU
		{B0F370CB-01A2-4134-A57A-8353F9141ACD}.Debug|Any CPU.Build.0 = Debug|Any CPU
		{B0F370CB-01A2-4134-A57A-8353F9141ACD}.Release|Any CPU.ActiveCfg = Release|Any CPU
		{B0F370CB-01A2-4134-A57A-8353F9141ACD}.Release|Any CPU.Build.0 = Release|Any CPU
	EndGlobalSection
	GlobalSection(SolutionProperties) = preSolution
		HideSolutionNode = FALSE
	EndGlobalSection
	GlobalSection(ExtensibilityGlobals) = postSolution
		SolutionGuid = {66EF7C68-FB9F-45C4-810A-7F0DCDA35EF1}
	EndGlobalSection
EndGlobal
